// !$*UTF8*$!
{
	archiveVersion = 1;
	classes = {
	};
	objectVersion = 46;
	objects = {

/* Begin PBXBuildFile section */
		BEC37A2919C48CAC00F0E272 /* AppDelegate.swift in Sources */ = {isa = PBXBuildFile; fileRef = BEC37A2819C48CAC00F0E272 /* AppDelegate.swift */; };
		BEC37A2B19C48CAC00F0E272 /* ViewController.swift in Sources */ = {isa = PBXBuildFile; fileRef = BEC37A2A19C48CAC00F0E272 /* ViewController.swift */; };
		BEC37A2E19C48CAC00F0E272 /* Main.storyboard in Resources */ = {isa = PBXBuildFile; fileRef = BEC37A2C19C48CAC00F0E272 /* Main.storyboard */; };
		BEC37A3019C48CAC00F0E272 /* Images.xcassets in Resources */ = {isa = PBXBuildFile; fileRef = BEC37A2F19C48CAC00F0E272 /* Images.xcassets */; };
		BEC37A3319C48CAC00F0E272 /* LaunchScreen.xib in Resources */ = {isa = PBXBuildFile; fileRef = BEC37A3119C48CAC00F0E272 /* LaunchScreen.xib */; };
		BEC37A3F19C48CAC00F0E272 /* ShoeConverterTests.swift in Sources */ = {isa = PBXBuildFile; fileRef = BEC37A3E19C48CAC00F0E272 /* ShoeConverterTests.swift */; };
/* End PBXBuildFile section */

/* Begin PBXContainerItemProxy section */
		BEC37A3919C48CAC00F0E272 /* PBXContainerItemProxy */ = {
			isa = PBXContainerItemProxy;
			containerPortal = BEC37A1B19C48CAC00F0E272 /* Project object */;
			proxyType = 1;
			remoteGlobalIDString = BEC37A2219C48CAC00F0E272;
			remoteInfo = ShoeConverter;
		};
/* End PBXContainerItemProxy section */

/* Begin PBXFileReference section */
		BEC37A2319C48CAC00F0E272 /* ShoeConverter.app */ = {isa = PBXFileReference; explicitFileType = wrapper.application; includeInIndex = 0; path = ShoeConverter.app; sourceTree = BUILT_PRODUCTS_DIR; };
		BEC37A2719C48CAC00F0E272 /* Info.plist */ = {isa = PBXFileReference; lastKnownFileType = text.plist.xml; path = Info.plist; sourceTree = "<group>"; };
		BEC37A2819C48CAC00F0E272 /* AppDelegate.swift */ = {isa = PBXFileReference; lastKnownFileType = sourcecode.swift; path = AppDelegate.swift; sourceTree = "<group>"; };
		BEC37A2A19C48CAC00F0E272 /* ViewController.swift */ = {isa = PBXFileReference; lastKnownFileType = sourcecode.swift; path = ViewController.swift; sourceTree = "<group>"; };
		BEC37A2D19C48CAC00F0E272 /* Base */ = {isa = PBXFileReference; lastKnownFileType = file.storyboard; name = Base; path = Base.lproj/Main.storyboard; sourceTree = "<group>"; };
		BEC37A2F19C48CAC00F0E272 /* Images.xcassets */ = {isa = PBXFileReference; lastKnownFileType = folder.assetcatalog; path = Images.xcassets; sourceTree = "<group>"; };
		BEC37A3219C48CAC00F0E272 /* Base */ = {isa = PBXFileReference; lastKnownFileType = file.xib; name = Base; path = Base.lproj/LaunchScreen.xib; sourceTree = "<group>"; };
		BEC37A3819C48CAC00F0E272 /* ShoeConverterTests.xctest */ = {isa = PBXFileReference; explicitFileType = wrapper.cfbundle; includeInIndex = 0; path = ShoeConverterTests.xctest; sourceTree = BUILT_PRODUCTS_DIR; };
		BEC37A3D19C48CAC00F0E272 /* Info.plist */ = {isa = PBXFileReference; lastKnownFileType = text.plist.xml; path = Info.plist; sourceTree = "<group>"; };
		BEC37A3E19C48CAC00F0E272 /* ShoeConverterTests.swift */ = {isa = PBXFileReference; lastKnownFileType = sourcecode.swift; path = ShoeConverterTests.swift; sourceTree = "<group>"; };
/* End PBXFileReference section */

/* Begin PBXFrameworksBuildPhase section */
		BEC37A2019C48CAC00F0E272 /* Frameworks */ = {
			isa = PBXFrameworksBuildPhase;
			buildActionMask = 2147483647;
			files = (
			);
			runOnlyForDeploymentPostprocessing = 0;
		};
		BEC37A3519C48CAC00F0E272 /* Frameworks */ = {
			isa = PBXFrameworksBuildPhase;
			buildActionMask = 2147483647;
			files = (
			);
			runOnlyForDeploymentPostprocessing = 0;
		};
/* End PBXFrameworksBuildPhase section */

/* Begin PBXGroup section */
		BEC37A1A19C48CAC00F0E272 = {
			isa = PBXGroup;
			children = (
				BEC37A2519C48CAC00F0E272 /* ShoeConverter */,
				BEC37A3B19C48CAC00F0E272 /* ShoeConverterTests */,
				BEC37A2419C48CAC00F0E272 /* Products */,
			);
			sourceTree = "<group>";
		};
		BEC37A2419C48CAC00F0E272 /* Products */ = {
			isa = PBXGroup;
			children = (
				BEC37A2319C48CAC00F0E272 /* ShoeConverter.app */,
				BEC37A3819C48CAC00F0E272 /* ShoeConverterTests.xctest */,
			);
			name = Products;
			sourceTree = "<group>";
		};
		BEC37A2519C48CAC00F0E272 /* ShoeConverter */ = {
			isa = PBXGroup;
			children = (
				BEC37A2819C48CAC00F0E272 /* AppDelegate.swift */,
				BEC37A2A19C48CAC00F0E272 /* ViewController.swift */,
				BEC37A2C19C48CAC00F0E272 /* Main.storyboard */,
				BEC37A2F19C48CAC00F0E272 /* Images.xcassets */,
				BEC37A3119C48CAC00F0E272 /* LaunchScreen.xib */,
				BEC37A2619C48CAC00F0E272 /* Supporting Files */,
			);
			path = ShoeConverter;
			sourceTree = "<group>";
		};
		BEC37A2619C48CAC00F0E272 /* Supporting Files */ = {
			isa = PBXGroup;
			children = (
				BEC37A2719C48CAC00F0E272 /* Info.plist */,
			);
			name = "Supporting Files";
			sourceTree = "<group>";
		};
		BEC37A3B19C48CAC00F0E272 /* ShoeConverterTests */ = {
			isa = PBXGroup;
			children = (
				BEC37A3E19C48CAC00F0E272 /* ShoeConverterTests.swift */,
				BEC37A3C19C48CAC00F0E272 /* Supporting Files */,
			);
			path = ShoeConverterTests;
			sourceTree = "<group>";
		};
		BEC37A3C19C48CAC00F0E272 /* Supporting Files */ = {
			isa = PBXGroup;
			children = (
				BEC37A3D19C48CAC00F0E272 /* Info.plist */,
			);
			name = "Supporting Files";
			sourceTree = "<group>";
		};
/* End PBXGroup section */

/* Begin PBXNativeTarget section */
		BEC37A2219C48CAC00F0E272 /* ShoeConverter */ = {
			isa = PBXNativeTarget;
			buildConfigurationList = BEC37A4219C48CAC00F0E272 /* Build configuration list for PBXNativeTarget "ShoeConverter" */;
			buildPhases = (
				BEC37A1F19C48CAC00F0E272 /* Sources */,
				BEC37A2019C48CAC00F0E272 /* Frameworks */,
				BEC37A2119C48CAC00F0E272 /* Resources */,
			);
			buildRules = (
			);
			dependencies = (
			);
			name = ShoeConverter;
			productName = ShoeConverter;
			productReference = BEC37A2319C48CAC00F0E272 /* ShoeConverter.app */;
			productType = "com.apple.product-type.application";
		};
		BEC37A3719C48CAC00F0E272 /* ShoeConverterTests */ = {
			isa = PBXNativeTarget;
			buildConfigurationList = BEC37A4519C48CAC00F0E272 /* Build configuration list for PBXNativeTarget "ShoeConverterTests" */;
			buildPhases = (
				BEC37A3419C48CAC00F0E272 /* Sources */,
				BEC37A3519C48CAC00F0E272 /* Frameworks */,
				BEC37A3619C48CAC00F0E272 /* Resources */,
			);
			buildRules = (
			);
			dependencies = (
				BEC37A3A19C48CAC00F0E272 /* PBXTargetDependency */,
			);
			name = ShoeConverterTests;
			productName = ShoeConverterTests;
			productReference = BEC37A3819C48CAC00F0E272 /* ShoeConverterTests.xctest */;
			productType = "com.apple.product-type.bundle.unit-test";
		};
/* End PBXNativeTarget section */

/* Begin PBXProject section */
		BEC37A1B19C48CAC00F0E272 /* Project object */ = {
			isa = PBXProject;
			attributes = {
				LastUpgradeCheck = 0600;
				ORGANIZATIONNAME = "Kenneth Wilcox";
				TargetAttributes = {
					BEC37A2219C48CAC00F0E272 = {
						CreatedOnToolsVersion = 6.1;
					};
					BEC37A3719C48CAC00F0E272 = {
						CreatedOnToolsVersion = 6.1;
						TestTargetID = BEC37A2219C48CAC00F0E272;
					};
				};
			};
			buildConfigurationList = BEC37A1E19C48CAC00F0E272 /* Build configuration list for PBXProject "ShoeConverter" */;
			compatibilityVersion = "Xcode 3.2";
			developmentRegion = English;
			hasScannedForEncodings = 0;
			knownRegions = (
				en,
				Base,
			);
			mainGroup = BEC37A1A19C48CAC00F0E272;
			productRefGroup = BEC37A2419C48CAC00F0E272 /* Products */;
			projectDirPath = "";
			projectRoot = "";
			targets = (
				BEC37A2219C48CAC00F0E272 /* ShoeConverter */,
				BEC37A3719C48CAC00F0E272 /* ShoeConverterTests */,
			);
		};
/* End PBXProject section */

/* Begin PBXResourcesBuildPhase section */
		BEC37A2119C48CAC00F0E272 /* Resources */ = {
			isa = PBXResourcesBuildPhase;
			buildActionMask = 2147483647;
			files = (
				BEC37A2E19C48CAC00F0E272 /* Main.storyboard in Resources */,
				BEC37A3319C48CAC00F0E272 /* LaunchScreen.xib in Resources */,
				BEC37A3019C48CAC00F0E272 /* Images.xcassets in Resources */,
			);
			runOnlyForDeploymentPostprocessing = 0;
		};
		BEC37A3619C48CAC00F0E272 /* Resources */ = {
			isa = PBXResourcesBuildPhase;
			buildActionMask = 2147483647;
			files = (
			);
			runOnlyForDeploymentPostprocessing = 0;
		};
/* End PBXResourcesBuildPhase section */

/* Begin PBXSourcesBuildPhase section */
		BEC37A1F19C48CAC00F0E272 /* Sources */ = {
			isa = PBXSourcesBuildPhase;
			buildActionMask = 2147483647;
			files = (
				BEC37A2B19C48CAC00F0E272 /* ViewController.swift in Sources */,
				BEC37A2919C48CAC00F0E272 /* AppDelegate.swift in Sources */,
			);
			runOnlyForDeploymentPostprocessing = 0;
		};
		BEC37A3419C48CAC00F0E272 /* Sources */ = {
			isa = PBXSourcesBuildPhase;
			buildActionMask = 2147483647;
			files = (
				BEC37A3F19C48CAC00F0E272 /* ShoeConverterTests.swift in Sources */,
			);
			runOnlyForDeploymentPostprocessing = 0;
		};
/* End PBXSourcesBuildPhase section */

/* Begin PBXTargetDependency section */
		BEC37A3A19C48CAC00F0E272 /* PBXTargetDependency */ = {
			isa = PBXTargetDependency;
			target = BEC37A2219C48CAC00F0E272 /* ShoeConverter */;
			targetProxy = BEC37A3919C48CAC00F0E272 /* PBXContainerItemProxy */;
		};
/* End PBXTargetDependency section */

/* Begin PBXVariantGroup section */
		BEC37A2C19C48CAC00F0E272 /* Main.storyboard */ = {
			isa = PBXVariantGroup;
			children = (
				BEC37A2D19C48CAC00F0E272 /* Base */,
			);
			name = Main.storyboard;
			sourceTree = "<group>";
		};
		BEC37A3119C48CAC00F0E272 /* LaunchScreen.xib */ = {
			isa = PBXVariantGroup;
			children = (
				BEC37A3219C48CAC00F0E272 /* Base */,
			);
			name = LaunchScreen.xib;
			sourceTree = "<group>";
		};
/* End PBXVariantGroup section */

/* Begin XCBuildConfiguration section */
		BEC37A4019C48CAC00F0E272 /* Debug */ = {
			isa = XCBuildConfiguration;
			buildSettings = {
				ALWAYS_SEARCH_USER_PATHS = NO;
				CLANG_CXX_LANGUAGE_STANDARD = "gnu++0x";
				CLANG_CXX_LIBRARY = "libc++";
				CLANG_ENABLE_MODULES = YES;
				CLANG_ENABLE_OBJC_ARC = YES;
				CLANG_WARN_BOOL_CONVERSION = YES;
				CLANG_WARN_CONSTANT_CONVERSION = YES;
				CLANG_WARN_DIRECT_OBJC_ISA_USAGE = YES_ERROR;
				CLANG_WARN_EMPTY_BODY = YES;
				CLANG_WARN_ENUM_CONVERSION = YES;
				CLANG_WARN_INT_CONVERSION = YES;
				CLANG_WARN_OBJC_ROOT_CLASS = YES_ERROR;
				CLANG_WARN_UNREACHABLE_CODE = YES;
				CLANG_WARN__DUPLICATE_METHOD_MATCH = YES;
				"CODE_SIGN_IDENTITY[sdk=iphoneos*]" = "iPhone Developer";
				COPY_PHASE_STRIP = NO;
				ENABLE_STRICT_OBJC_MSGSEND = YES;
				GCC_C_LANGUAGE_STANDARD = gnu99;
				GCC_DYNAMIC_NO_PIC = NO;
				GCC_OPTIMIZATION_LEVEL = 0;
				GCC_PREPROCESSOR_DEFINITIONS = (
					"DEBUG=1",
					"$(inherited)",
				);
				GCC_SYMBOLS_PRIVATE_EXTERN = NO;
				GCC_WARN_64_TO_32_BIT_CONVERSION = YES;
				GCC_WARN_ABOUT_RETURN_TYPE = YES_ERROR;
				GCC_WARN_UNDECLARED_SELECTOR = YES;
				GCC_WARN_UNINITIALIZED_AUTOS = YES_AGGRESSIVE;
				GCC_WARN_UNUSED_FUNCTION = YES;
				GCC_WARN_UNUSED_VARIABLE = YES;
				IPHONEOS_DEPLOYMENT_TARGET = 8.0;
				MTL_ENABLE_DEBUG_INFO = YES;
				ONLY_ACTIVE_ARCH = YES;
				SDKROOT = iphoneos;
				SWIFT_OPTIMIZATION_LEVEL = "-Onone";
			};
			name = Debug;
		};
		BEC37A4119C48CAC00F0E272 /* Release */ = {
			isa = XCBuildConfiguration;
			buildSettings = {
				ALWAYS_SEARCH_USER_PATHS = NO;
				CLANG_CXX_LANGUAGE_STANDARD = "gnu++0x";
				CLANG_CXX_LIBRARY = "libc++";
				CLANG_ENABLE_MODULES = YES;
				CLANG_ENABLE_OBJC_ARC = YES;
				CLANG_WARN_BOOL_CONVERSION = YES;
				CLANG_WARN_CONSTANT_CONVERSION = YES;
				CLANG_WARN_DIRECT_OBJC_ISA_USAGE = YES_ERROR;
				CLANG_WARN_EMPTY_BODY = YES;
				CLANG_WARN_ENUM_CONVERSION = YES;
				CLANG_WARN_INT_CONVERSION = YES;
				CLANG_WARN_OBJC_ROOT_CLASS = YES_ERROR;
				CLANG_WARN_UNREACHABLE_CODE = YES;
				CLANG_WARN__DUPLICATE_METHOD_MATCH = YES;
				"CODE_SIGN_IDENTITY[sdk=iphoneos*]" = "iPhone Developer";
				COPY_PHASE_STRIP = YES;
				ENABLE_NS_ASSERTIONS = NO;
				ENABLE_STRICT_OBJC_MSGSEND = YES;
				GCC_C_LANGUAGE_STANDARD = gnu99;
				GCC_WARN_64_TO_32_BIT_CONVERSION = YES;
				GCC_WARN_ABOUT_RETURN_TYPE = YES_ERROR;
				GCC_WARN_UNDECLARED_SELECTOR = YES;
				GCC_WARN_UNINITIALIZED_AUTOS = YES_AGGRESSIVE;
				GCC_WARN_UNUSED_FUNCTION = YES;
				GCC_WARN_UNUSED_VARIABLE = YES;
				IPHONEOS_DEPLOYMENT_TARGET = 8.0;
				MTL_ENABLE_DEBUG_INFO = NO;
				SDKROOT = iphoneos;
				VALIDATE_PRODUCT = YES;
			};
			name = Release;
		};
		BEC37A4319C48CAC00F0E272 /* Debug */ = {
			isa = XCBuildConfiguration;
			buildSettings = {
				ASSETCATALOG_COMPILER_APPICON_NAME = AppIcon;
				INFOPLIST_FILE = ShoeConverter/Info.plist;
				LD_RUNPATH_SEARCH_PATHS = "$(inherited) @executable_path/Frameworks";
				PRODUCT_NAME = "$(TARGET_NAME)";
			};
			name = Debug;
		};
		BEC37A4419C48CAC00F0E272 /* Release */ = {
			isa = XCBuildConfiguration;
			buildSettings = {
				ASSETCATALOG_COMPILER_APPICON_NAME = AppIcon;
				INFOPLIST_FILE = ShoeConverter/Info.plist;
				LD_RUNPATH_SEARCH_PATHS = "$(inherited) @executable_path/Frameworks";
				PRODUCT_NAME = "$(TARGET_NAME)";
			};
			name = Release;
		};
		BEC37A4619C48CAC00F0E272 /* Debug */ = {
			isa = XCBuildConfiguration;
			buildSettings = {
				BUNDLE_LOADER = "$(TEST_HOST)";
				FRAMEWORK_SEARCH_PATHS = (
					"$(SDKROOT)/Developer/Library/Frameworks",
					"$(inherited)",
				);
				GCC_PREPROCESSOR_DEFINITIONS = (
					"DEBUG=1",
					"$(inherited)",
				);
				INFOPLIST_FILE = ShoeConverterTests/Info.plist;
				LD_RUNPATH_SEARCH_PATHS = "$(inherited) @executable_path/Frameworks @loader_path/Frameworks";
				PRODUCT_NAME = "$(TARGET_NAME)";
				TEST_HOST = "$(BUILT_PRODUCTS_DIR)/ShoeConverter.app/ShoeConverter";
			};
			name = Debug;
		};
		BEC37A4719C48CAC00F0E272 /* Release */ = {
			isa = XCBuildConfiguration;
			buildSettings = {
				BUNDLE_LOADER = "$(TEST_HOST)";
				FRAMEWORK_SEARCH_PATHS = (
					"$(SDKROOT)/Developer/Library/Frameworks",
					"$(inherited)",
				);
				INFOPLIST_FILE = ShoeConverterTests/Info.plist;
				LD_RUNPATH_SEARCH_PATHS = "$(inherited) @executable_path/Frameworks @loader_path/Frameworks";
				PRODUCT_NAME = "$(TARGET_NAME)";
				TEST_HOST = "$(BUILT_PRODUCTS_DIR)/ShoeConverter.app/ShoeConverter";
			};
			name = Release;
		};
/* End XCBuildConfiguration section */

/* Begin XCConfigurationList section */
		BEC37A1E19C48CAC00F0E272 /* Build configuration list for PBXProject "ShoeConverter" */ = {
			isa = XCConfigurationList;
			buildConfigurations = (
				BEC37A4019C48CAC00F0E272 /* Debug */,
				BEC37A4119C48CAC00F0E272 /* Release */,
			);
			defaultConfigurationIsVisible = 0;
			defaultConfigurationName = Release;
		};
		BEC37A4219C48CAC00F0E272 /* Build configuration list for PBXNativeTarget "ShoeConverter" */ = {
			isa = XCConfigurationList;
			buildConfigurations = (
				BEC37A4319C48CAC00F0E272 /* Debug */,
				BEC37A4419C48CAC00F0E272 /* Release */,
			);
			defaultConfigurationIsVisible = 0;
		};
		BEC37A4519C48CAC00F0E272 /* Build configuration list for PBXNativeTarget "ShoeConverterTests" */ = {
			isa = XCConfigurationList;
			buildConfigurations = (
				BEC37A4619C48CAC00F0E272 /* Debug */,
				BEC37A4719C48CAC00F0E272 /* Release */,
			);
			defaultConfigurationIsVisible = 0;
		};
/* End XCConfigurationList section */
	};
	rootObject = BEC37A1B19C48CAC00F0E272 /* Project object */;
}
